
Microsoft Visual Studio Solution File, Format Version 12.00
# Visual Studio 15
VisualStudioVersion = 15.0.28307.1433
MinimumVisualStudioVersion = 10.0.40219.1
Project("{D2ABAB84-BF74-430A-B69E-9DC6D40DDA17}") = "ProyectoMultidimensional2", "ProyectoMultidimensional2\ProyectoMultidimensional2.dwproj", "{20F6500C-F354-4DDF-A996-07B252394C5B}"
EndProject
Global
	GlobalSection(SolutionConfigurationPlatforms) = preSolution
		Development|Default = Development|Default
	EndGlobalSection
	GlobalSection(ProjectConfigurationPlatforms) = postSolution
		{20F6500C-F354-4DDF-A996-07B252394C5B}.Development|Default.ActiveCfg = Development
		{20F6500C-F354-4DDF-A996-07B252394C5B}.Development|Default.Build.0 = Development
		{20F6500C-F354-4DDF-A996-07B252394C5B}.Development|Default.Deploy.0 = Development
	EndGlobalSection
	GlobalSection(SolutionProperties) = preSolution
		HideSolutionNode = FALSE
	EndGlobalSection
	GlobalSection(ExtensibilityGlobals) = postSolution
		SolutionGuid = {521F9AB4-AD3A-4B66-BEF0-7E4151657C43}
	EndGlobalSection
EndGlobal
